// !$*UTF8*$!
{
	archiveVersion = 1;
	classes = {
	};
	objectVersion = 55;
	objects = {

/* Begin PBXBuildFile section */
		214E6FFC280515F800BB75E4 /* ButtonContent.swift in Sources */ = {isa = PBXBuildFile; fileRef = 214E6FFB280515F800BB75E4 /* ButtonContent.swift */; };
		21FF1F332800229E006EB909 /* MyRoomView.swift in Sources */ = {isa = PBXBuildFile; fileRef = 21FF1F2B2800229E006EB909 /* MyRoomView.swift */; };
		21FF1F342800229E006EB909 /* AddFamilyView.swift in Sources */ = {isa = PBXBuildFile; fileRef = 21FF1F2D2800229E006EB909 /* AddFamilyView.swift */; };
		21FF1F352800229E006EB909 /* AccountSettingsView.swift in Sources */ = {isa = PBXBuildFile; fileRef = 21FF1F2E2800229E006EB909 /* AccountSettingsView.swift */; };
		21FF1F362800229E006EB909 /* AppSettingsView.swift in Sources */ = {isa = PBXBuildFile; fileRef = 21FF1F2F2800229E006EB909 /* AppSettingsView.swift */; };
		21FF1F372800229E006EB909 /* InfoRow.swift in Sources */ = {isa = PBXBuildFile; fileRef = 21FF1F302800229E006EB909 /* InfoRow.swift */; };
		21FF1F382800229E006EB909 /* FamilyMember.swift in Sources */ = {isa = PBXBuildFile; fileRef = 21FF1F312800229E006EB909 /* FamilyMember.swift */; };
		21FF1F392800229E006EB909 /* MyRoomButton.swift in Sources */ = {isa = PBXBuildFile; fileRef = 21FF1F322800229E006EB909 /* MyRoomButton.swift */; };
		2535DD3828002E7E00A2D118 /* QnaFamilyView.swift in Sources */ = {isa = PBXBuildFile; fileRef = 2535DD2D28002E7E00A2D118 /* QnaFamilyView.swift */; };
		2535DD3928002E7E00A2D118 /* QnaListView.swift in Sources */ = {isa = PBXBuildFile; fileRef = 2535DD2E28002E7E00A2D118 /* QnaListView.swift */; };
		2535DD3A28002E7E00A2D118 /* QnaPersonalTodaysQuestionView.swift in Sources */ = {isa = PBXBuildFile; fileRef = 2535DD2F28002E7E00A2D118 /* QnaPersonalTodaysQuestionView.swift */; };
		2535DD3B28002E7E00A2D118 /* QnaAnswerView.swift in Sources */ = {isa = PBXBuildFile; fileRef = 2535DD3028002E7E00A2D118 /* QnaAnswerView.swift */; };
		2535DD3C28002E7E00A2D118 /* QnaTodaysQuestionView.swift in Sources */ = {isa = PBXBuildFile; fileRef = 2535DD3228002E7E00A2D118 /* QnaTodaysQuestionView.swift */; };
		2535DD3D28002E7E00A2D118 /* QnaAnswerWithProfileView.swift in Sources */ = {isa = PBXBuildFile; fileRef = 2535DD3328002E7E00A2D118 /* QnaAnswerWithProfileView.swift */; };
		2535DD3E28002E7E00A2D118 /* QnaTextEditorBox.swift in Sources */ = {isa = PBXBuildFile; fileRef = 2535DD3428002E7E00A2D118 /* QnaTextEditorBox.swift */; };
		2535DD3F28002E7E00A2D118 /* QnaQuestionRow.swift in Sources */ = {isa = PBXBuildFile; fileRef = 2535DD3528002E7E00A2D118 /* QnaQuestionRow.swift */; };
		2535DD4028002E7E00A2D118 /* QnaTextBox.swift in Sources */ = {isa = PBXBuildFile; fileRef = 2535DD3628002E7E00A2D118 /* QnaTextBox.swift */; };
		2535DD4128002E7E00A2D118 /* QnaDateText.swift in Sources */ = {isa = PBXBuildFile; fileRef = 2535DD3728002E7E00A2D118 /* QnaDateText.swift */; };
		2535DD4628002EB100A2D118 /* ProfileImage.swift in Sources */ = {isa = PBXBuildFile; fileRef = 2535DD4228002EB100A2D118 /* ProfileImage.swift */; };
		2535DD4728002EB100A2D118 /* ConfirmButton.swift in Sources */ = {isa = PBXBuildFile; fileRef = 2535DD4328002EB100A2D118 /* ConfirmButton.swift */; };
		2535DD4828002EB100A2D118 /* QnaProfileView.swift in Sources */ = {isa = PBXBuildFile; fileRef = 2535DD4428002EB100A2D118 /* QnaProfileView.swift */; };
		2535DD4928002EB100A2D118 /* TextBlock.swift in Sources */ = {isa = PBXBuildFile; fileRef = 2535DD4528002EB100A2D118 /* TextBlock.swift */; };
		2535DD4D28002ED000A2D118 /* Question.swift in Sources */ = {isa = PBXBuildFile; fileRef = 2535DD4A28002ED000A2D118 /* Question.swift */; };
		2535DD4E28002ED000A2D118 /* AnswerWithProfile.swift in Sources */ = {isa = PBXBuildFile; fileRef = 2535DD4B28002ED000A2D118 /* AnswerWithProfile.swift */; };
		2535DD4F28002ED000A2D118 /* Qna.swift in Sources */ = {isa = PBXBuildFile; fileRef = 2535DD4C28002ED000A2D118 /* Qna.swift */; };
		7042DD8028054EC70098E5F1 /* ColorPalette.swift in Sources */ = {isa = PBXBuildFile; fileRef = 7042DD7F28054EC70098E5F1 /* ColorPalette.swift */; };
		70FBF1882803F8D700E293F7 /* SplashScreenView.swift in Sources */ = {isa = PBXBuildFile; fileRef = 70FBF1872803F8D700E293F7 /* SplashScreenView.swift */; };
		70FBF1902803F99700E293F7 /* HomeView.swift in Sources */ = {isa = PBXBuildFile; fileRef = 70FBF18F2803F99700E293F7 /* HomeView.swift */; };
		70FBF1922803F9B900E293F7 /* AlarmView.swift in Sources */ = {isa = PBXBuildFile; fileRef = 70FBF1912803F9B900E293F7 /* AlarmView.swift */; };
		70FBF19A2803FA2D00E293F7 /* Background.swift in Sources */ = {isa = PBXBuildFile; fileRef = 70FBF1992803FA2D00E293F7 /* Background.swift */; };
		70FBF19C2803FA4400E293F7 /* BackgroundOpacity.swift in Sources */ = {isa = PBXBuildFile; fileRef = 70FBF19B2803FA4400E293F7 /* BackgroundOpacity.swift */; };
		70FBF1A4280453D400E293F7 /* MyPangView.swift in Sources */ = {isa = PBXBuildFile; fileRef = 70FBF1A3280453D400E293F7 /* MyPangView.swift */; };
		C715AE0F27FD612D004BA6BF /* ComeBackHomeApp.swift in Sources */ = {isa = PBXBuildFile; fileRef = C715AE0E27FD612D004BA6BF /* ComeBackHomeApp.swift */; };
		C715AE1127FD612D004BA6BF /* ContentView.swift in Sources */ = {isa = PBXBuildFile; fileRef = C715AE1027FD612D004BA6BF /* ContentView.swift */; };
		C715AE1327FD612F004BA6BF /* Assets.xcassets in Resources */ = {isa = PBXBuildFile; fileRef = C715AE1227FD612F004BA6BF /* Assets.xcassets */; };
		C715AE1627FD612F004BA6BF /* Preview Assets.xcassets in Resources */ = {isa = PBXBuildFile; fileRef = C715AE1527FD612F004BA6BF /* Preview Assets.xcassets */; };
		C715AE2027FD612F004BA6BF /* ComeBackHomeTests.swift in Sources */ = {isa = PBXBuildFile; fileRef = C715AE1F27FD612F004BA6BF /* ComeBackHomeTests.swift */; };
		C715AE2A27FD612F004BA6BF /* ComeBackHomeUITests.swift in Sources */ = {isa = PBXBuildFile; fileRef = C715AE2927FD612F004BA6BF /* ComeBackHomeUITests.swift */; };
		C715AE2C27FD612F004BA6BF /* ComeBackHomeUITestsLaunchTests.swift in Sources */ = {isa = PBXBuildFile; fileRef = C715AE2B27FD612F004BA6BF /* ComeBackHomeUITestsLaunchTests.swift */; };
		C715AE3927FD62D9004BA6BF /* DetailView.swift in Sources */ = {isa = PBXBuildFile; fileRef = C715AE3827FD62D9004BA6BF /* DetailView.swift */; };
		C715AE3B27FD632F004BA6BF /* CommentModalView.swift in Sources */ = {isa = PBXBuildFile; fileRef = C715AE3A27FD632F004BA6BF /* CommentModalView.swift */; };
		C715AE3D27FD63DD004BA6BF /* TodaysMenuView.swift in Sources */ = {isa = PBXBuildFile; fileRef = C715AE3C27FD63DD004BA6BF /* TodaysMenuView.swift */; };
		C715AE4027FD6497004BA6BF /* ProfileView.swift in Sources */ = {isa = PBXBuildFile; fileRef = C715AE3F27FD6497004BA6BF /* ProfileView.swift */; };
		C715AE4227FD656D004BA6BF /* CommentReactionView.swift in Sources */ = {isa = PBXBuildFile; fileRef = C715AE4127FD656D004BA6BF /* CommentReactionView.swift */; };
		C715AE4527FD65D7004BA6BF /* User.swift in Sources */ = {isa = PBXBuildFile; fileRef = C715AE4427FD65D7004BA6BF /* User.swift */; };
		C715AE4727FD65E4004BA6BF /* Post.swift in Sources */ = {isa = PBXBuildFile; fileRef = C715AE4627FD65E3004BA6BF /* Post.swift */; };
		C715AE4927FD65EB004BA6BF /* Menu.swift in Sources */ = {isa = PBXBuildFile; fileRef = C715AE4827FD65EB004BA6BF /* Menu.swift */; };
		C715AE4B27FD660C004BA6BF /* Comment.swift in Sources */ = {isa = PBXBuildFile; fileRef = C715AE4A27FD660C004BA6BF /* Comment.swift */; };
		C74F063727FDC80400B03A4F /* ImagePicker.swift in Sources */ = {isa = PBXBuildFile; fileRef = C74F063627FDC80400B03A4F /* ImagePicker.swift */; };
		C74F063A27FDDA5100B03A4F /* AddPostView.swift in Sources */ = {isa = PBXBuildFile; fileRef = C74F063927FDDA5100B03A4F /* AddPostView.swift */; };
		C74F066228049F7F00B03A4F /* AppState.swift in Sources */ = {isa = PBXBuildFile; fileRef = C74F066128049F7F00B03A4F /* AppState.swift */; };
/* End PBXBuildFile section */

/* Begin PBXContainerItemProxy section */
		C715AE1C27FD612F004BA6BF /* PBXContainerItemProxy */ = {
			isa = PBXContainerItemProxy;
			containerPortal = C715AE0327FD612D004BA6BF /* Project object */;
			proxyType = 1;
			remoteGlobalIDString = C715AE0A27FD612D004BA6BF;
			remoteInfo = ComeBackHome;
		};
		C715AE2627FD612F004BA6BF /* PBXContainerItemProxy */ = {
			isa = PBXContainerItemProxy;
			containerPortal = C715AE0327FD612D004BA6BF /* Project object */;
			proxyType = 1;
			remoteGlobalIDString = C715AE0A27FD612D004BA6BF;
			remoteInfo = ComeBackHome;
		};
/* End PBXContainerItemProxy section */

/* Begin PBXFileReference section */
		214E6FFB280515F800BB75E4 /* ButtonContent.swift */ = {isa = PBXFileReference; lastKnownFileType = sourcecode.swift; path = ButtonContent.swift; sourceTree = "<group>"; };
		21FF1F2B2800229E006EB909 /* MyRoomView.swift */ = {isa = PBXFileReference; fileEncoding = 4; lastKnownFileType = sourcecode.swift; path = MyRoomView.swift; sourceTree = "<group>"; };
		21FF1F2D2800229E006EB909 /* AddFamilyView.swift */ = {isa = PBXFileReference; fileEncoding = 4; lastKnownFileType = sourcecode.swift; path = AddFamilyView.swift; sourceTree = "<group>"; };
		21FF1F2E2800229E006EB909 /* AccountSettingsView.swift */ = {isa = PBXFileReference; fileEncoding = 4; lastKnownFileType = sourcecode.swift; path = AccountSettingsView.swift; sourceTree = "<group>"; };
		21FF1F2F2800229E006EB909 /* AppSettingsView.swift */ = {isa = PBXFileReference; fileEncoding = 4; lastKnownFileType = sourcecode.swift; path = AppSettingsView.swift; sourceTree = "<group>"; };
		21FF1F302800229E006EB909 /* InfoRow.swift */ = {isa = PBXFileReference; fileEncoding = 4; lastKnownFileType = sourcecode.swift; path = InfoRow.swift; sourceTree = "<group>"; };
		21FF1F312800229E006EB909 /* FamilyMember.swift */ = {isa = PBXFileReference; fileEncoding = 4; lastKnownFileType = sourcecode.swift; path = FamilyMember.swift; sourceTree = "<group>"; };
		21FF1F322800229E006EB909 /* MyRoomButton.swift */ = {isa = PBXFileReference; fileEncoding = 4; lastKnownFileType = sourcecode.swift; path = MyRoomButton.swift; sourceTree = "<group>"; };
		2535DD2D28002E7E00A2D118 /* QnaFamilyView.swift */ = {isa = PBXFileReference; fileEncoding = 4; lastKnownFileType = sourcecode.swift; path = QnaFamilyView.swift; sourceTree = "<group>"; };
		2535DD2E28002E7E00A2D118 /* QnaListView.swift */ = {isa = PBXFileReference; fileEncoding = 4; lastKnownFileType = sourcecode.swift; path = QnaListView.swift; sourceTree = "<group>"; };
		2535DD2F28002E7E00A2D118 /* QnaPersonalTodaysQuestionView.swift */ = {isa = PBXFileReference; fileEncoding = 4; lastKnownFileType = sourcecode.swift; path = QnaPersonalTodaysQuestionView.swift; sourceTree = "<group>"; };
		2535DD3028002E7E00A2D118 /* QnaAnswerView.swift */ = {isa = PBXFileReference; fileEncoding = 4; lastKnownFileType = sourcecode.swift; path = QnaAnswerView.swift; sourceTree = "<group>"; };
		2535DD3228002E7E00A2D118 /* QnaTodaysQuestionView.swift */ = {isa = PBXFileReference; fileEncoding = 4; lastKnownFileType = sourcecode.swift; path = QnaTodaysQuestionView.swift; sourceTree = "<group>"; };
		2535DD3328002E7E00A2D118 /* QnaAnswerWithProfileView.swift */ = {isa = PBXFileReference; fileEncoding = 4; lastKnownFileType = sourcecode.swift; path = QnaAnswerWithProfileView.swift; sourceTree = "<group>"; };
		2535DD3428002E7E00A2D118 /* QnaTextEditorBox.swift */ = {isa = PBXFileReference; fileEncoding = 4; lastKnownFileType = sourcecode.swift; path = QnaTextEditorBox.swift; sourceTree = "<group>"; };
		2535DD3528002E7E00A2D118 /* QnaQuestionRow.swift */ = {isa = PBXFileReference; fileEncoding = 4; lastKnownFileType = sourcecode.swift; path = QnaQuestionRow.swift; sourceTree = "<group>"; };
		2535DD3628002E7E00A2D118 /* QnaTextBox.swift */ = {isa = PBXFileReference; fileEncoding = 4; lastKnownFileType = sourcecode.swift; path = QnaTextBox.swift; sourceTree = "<group>"; };
		2535DD3728002E7E00A2D118 /* QnaDateText.swift */ = {isa = PBXFileReference; fileEncoding = 4; lastKnownFileType = sourcecode.swift; path = QnaDateText.swift; sourceTree = "<group>"; };
		2535DD4228002EB100A2D118 /* ProfileImage.swift */ = {isa = PBXFileReference; fileEncoding = 4; lastKnownFileType = sourcecode.swift; path = ProfileImage.swift; sourceTree = "<group>"; };
		2535DD4328002EB100A2D118 /* ConfirmButton.swift */ = {isa = PBXFileReference; fileEncoding = 4; lastKnownFileType = sourcecode.swift; path = ConfirmButton.swift; sourceTree = "<group>"; };
		2535DD4428002EB100A2D118 /* QnaProfileView.swift */ = {isa = PBXFileReference; fileEncoding = 4; lastKnownFileType = sourcecode.swift; path = QnaProfileView.swift; sourceTree = "<group>"; };
		2535DD4528002EB100A2D118 /* TextBlock.swift */ = {isa = PBXFileReference; fileEncoding = 4; lastKnownFileType = sourcecode.swift; path = TextBlock.swift; sourceTree = "<group>"; };
		2535DD4A28002ED000A2D118 /* Question.swift */ = {isa = PBXFileReference; fileEncoding = 4; lastKnownFileType = sourcecode.swift; path = Question.swift; sourceTree = "<group>"; };
		2535DD4B28002ED000A2D118 /* AnswerWithProfile.swift */ = {isa = PBXFileReference; fileEncoding = 4; lastKnownFileType = sourcecode.swift; path = AnswerWithProfile.swift; sourceTree = "<group>"; };
		2535DD4C28002ED000A2D118 /* Qna.swift */ = {isa = PBXFileReference; fileEncoding = 4; lastKnownFileType = sourcecode.swift; path = Qna.swift; sourceTree = "<group>"; };
		7042DD7F28054EC70098E5F1 /* ColorPalette.swift */ = {isa = PBXFileReference; lastKnownFileType = sourcecode.swift; path = ColorPalette.swift; sourceTree = "<group>"; };
		70FBF1872803F8D700E293F7 /* SplashScreenView.swift */ = {isa = PBXFileReference; lastKnownFileType = sourcecode.swift; path = SplashScreenView.swift; sourceTree = "<group>"; };
		70FBF18F2803F99700E293F7 /* HomeView.swift */ = {isa = PBXFileReference; lastKnownFileType = sourcecode.swift; path = HomeView.swift; sourceTree = "<group>"; };
		70FBF1912803F9B900E293F7 /* AlarmView.swift */ = {isa = PBXFileReference; lastKnownFileType = sourcecode.swift; path = AlarmView.swift; sourceTree = "<group>"; };
		70FBF1992803FA2D00E293F7 /* Background.swift */ = {isa = PBXFileReference; lastKnownFileType = sourcecode.swift; path = Background.swift; sourceTree = "<group>"; };
		70FBF19B2803FA4400E293F7 /* BackgroundOpacity.swift */ = {isa = PBXFileReference; lastKnownFileType = sourcecode.swift; path = BackgroundOpacity.swift; sourceTree = "<group>"; };
		70FBF1A3280453D400E293F7 /* MyPangView.swift */ = {isa = PBXFileReference; lastKnownFileType = sourcecode.swift; path = MyPangView.swift; sourceTree = "<group>"; };
		C715AE0B27FD612D004BA6BF /* ComeBackHome.app */ = {isa = PBXFileReference; explicitFileType = wrapper.application; includeInIndex = 0; path = ComeBackHome.app; sourceTree = BUILT_PRODUCTS_DIR; };
		C715AE0E27FD612D004BA6BF /* ComeBackHomeApp.swift */ = {isa = PBXFileReference; lastKnownFileType = sourcecode.swift; path = ComeBackHomeApp.swift; sourceTree = "<group>"; };
		C715AE1027FD612D004BA6BF /* ContentView.swift */ = {isa = PBXFileReference; lastKnownFileType = sourcecode.swift; path = ContentView.swift; sourceTree = "<group>"; };
		C715AE1227FD612F004BA6BF /* Assets.xcassets */ = {isa = PBXFileReference; lastKnownFileType = folder.assetcatalog; path = Assets.xcassets; sourceTree = "<group>"; };
		C715AE1527FD612F004BA6BF /* Preview Assets.xcassets */ = {isa = PBXFileReference; lastKnownFileType = folder.assetcatalog; path = "Preview Assets.xcassets"; sourceTree = "<group>"; };
		C715AE1B27FD612F004BA6BF /* ComeBackHomeTests.xctest */ = {isa = PBXFileReference; explicitFileType = wrapper.cfbundle; includeInIndex = 0; path = ComeBackHomeTests.xctest; sourceTree = BUILT_PRODUCTS_DIR; };
		C715AE1F27FD612F004BA6BF /* ComeBackHomeTests.swift */ = {isa = PBXFileReference; lastKnownFileType = sourcecode.swift; path = ComeBackHomeTests.swift; sourceTree = "<group>"; };
		C715AE2527FD612F004BA6BF /* ComeBackHomeUITests.xctest */ = {isa = PBXFileReference; explicitFileType = wrapper.cfbundle; includeInIndex = 0; path = ComeBackHomeUITests.xctest; sourceTree = BUILT_PRODUCTS_DIR; };
		C715AE2927FD612F004BA6BF /* ComeBackHomeUITests.swift */ = {isa = PBXFileReference; lastKnownFileType = sourcecode.swift; path = ComeBackHomeUITests.swift; sourceTree = "<group>"; };
		C715AE2B27FD612F004BA6BF /* ComeBackHomeUITestsLaunchTests.swift */ = {isa = PBXFileReference; lastKnownFileType = sourcecode.swift; path = ComeBackHomeUITestsLaunchTests.swift; sourceTree = "<group>"; };
		C715AE3827FD62D9004BA6BF /* DetailView.swift */ = {isa = PBXFileReference; lastKnownFileType = sourcecode.swift; path = DetailView.swift; sourceTree = "<group>"; };
		C715AE3A27FD632F004BA6BF /* CommentModalView.swift */ = {isa = PBXFileReference; lastKnownFileType = sourcecode.swift; path = CommentModalView.swift; sourceTree = "<group>"; };
		C715AE3C27FD63DD004BA6BF /* TodaysMenuView.swift */ = {isa = PBXFileReference; lastKnownFileType = sourcecode.swift; path = TodaysMenuView.swift; sourceTree = "<group>"; };
		C715AE3F27FD6497004BA6BF /* ProfileView.swift */ = {isa = PBXFileReference; lastKnownFileType = sourcecode.swift; path = ProfileView.swift; sourceTree = "<group>"; };
		C715AE4127FD656D004BA6BF /* CommentReactionView.swift */ = {isa = PBXFileReference; lastKnownFileType = sourcecode.swift; path = CommentReactionView.swift; sourceTree = "<group>"; };
		C715AE4427FD65D7004BA6BF /* User.swift */ = {isa = PBXFileReference; lastKnownFileType = sourcecode.swift; path = User.swift; sourceTree = "<group>"; };
		C715AE4627FD65E3004BA6BF /* Post.swift */ = {isa = PBXFileReference; lastKnownFileType = sourcecode.swift; path = Post.swift; sourceTree = "<group>"; };
		C715AE4827FD65EB004BA6BF /* Menu.swift */ = {isa = PBXFileReference; lastKnownFileType = sourcecode.swift; path = Menu.swift; sourceTree = "<group>"; };
		C715AE4A27FD660C004BA6BF /* Comment.swift */ = {isa = PBXFileReference; lastKnownFileType = sourcecode.swift; path = Comment.swift; sourceTree = "<group>"; };
		C74F063627FDC80400B03A4F /* ImagePicker.swift */ = {isa = PBXFileReference; lastKnownFileType = sourcecode.swift; path = ImagePicker.swift; sourceTree = "<group>"; };
		C74F063827FDD70A00B03A4F /* Info.plist */ = {isa = PBXFileReference; lastKnownFileType = text.plist; path = Info.plist; sourceTree = "<group>"; };
		C74F063927FDDA5100B03A4F /* AddPostView.swift */ = {isa = PBXFileReference; lastKnownFileType = sourcecode.swift; path = AddPostView.swift; sourceTree = "<group>"; };
		C74F066128049F7F00B03A4F /* AppState.swift */ = {isa = PBXFileReference; lastKnownFileType = sourcecode.swift; path = AppState.swift; sourceTree = "<group>"; };
/* End PBXFileReference section */

/* Begin PBXFrameworksBuildPhase section */
		C715AE0827FD612D004BA6BF /* Frameworks */ = {
			isa = PBXFrameworksBuildPhase;
			buildActionMask = 2147483647;
			files = (
			);
			runOnlyForDeploymentPostprocessing = 0;
		};
		C715AE1827FD612F004BA6BF /* Frameworks */ = {
			isa = PBXFrameworksBuildPhase;
			buildActionMask = 2147483647;
			files = (
			);
			runOnlyForDeploymentPostprocessing = 0;
		};
		C715AE2227FD612F004BA6BF /* Frameworks */ = {
			isa = PBXFrameworksBuildPhase;
			buildActionMask = 2147483647;
			files = (
			);
			runOnlyForDeploymentPostprocessing = 0;
		};
/* End PBXFrameworksBuildPhase section */

/* Begin PBXGroup section */
		214E6FF82805114700BB75E4 /* FirstTimeUse */ = {
			isa = PBXGroup;
			children = (
			);
			path = FirstTimeUse;
			sourceTree = "<group>";
		};
		21FF1F2A2800229E006EB909 /* MyRoom */ = {
			isa = PBXGroup;
			children = (
				21FF1F2B2800229E006EB909 /* MyRoomView.swift */,
				21FF1F2C2800229E006EB909 /* AccountSettings */,
				21FF1F322800229E006EB909 /* MyRoomButton.swift */,
			);
			path = MyRoom;
			sourceTree = "<group>";
		};
		21FF1F2C2800229E006EB909 /* AccountSettings */ = {
			isa = PBXGroup;
			children = (
				21FF1F2D2800229E006EB909 /* AddFamilyView.swift */,
				21FF1F2E2800229E006EB909 /* AccountSettingsView.swift */,
				21FF1F2F2800229E006EB909 /* AppSettingsView.swift */,
				21FF1F302800229E006EB909 /* InfoRow.swift */,
				21FF1F312800229E006EB909 /* FamilyMember.swift */,
			);
			path = AccountSettings;
			sourceTree = "<group>";
		};
		2535DD2C28002E7E00A2D118 /* Qna */ = {
			isa = PBXGroup;
			children = (
				2535DD2D28002E7E00A2D118 /* QnaFamilyView.swift */,
				2535DD2E28002E7E00A2D118 /* QnaListView.swift */,
				2535DD2F28002E7E00A2D118 /* QnaPersonalTodaysQuestionView.swift */,
				2535DD3028002E7E00A2D118 /* QnaAnswerView.swift */,
				2535DD3128002E7E00A2D118 /* Helpers */,
			);
			path = Qna;
			sourceTree = "<group>";
		};
		2535DD3128002E7E00A2D118 /* Helpers */ = {
			isa = PBXGroup;
			children = (
				2535DD3228002E7E00A2D118 /* QnaTodaysQuestionView.swift */,
				2535DD3328002E7E00A2D118 /* QnaAnswerWithProfileView.swift */,
				2535DD3428002E7E00A2D118 /* QnaTextEditorBox.swift */,
				2535DD3528002E7E00A2D118 /* QnaQuestionRow.swift */,
				2535DD3628002E7E00A2D118 /* QnaTextBox.swift */,
				2535DD3728002E7E00A2D118 /* QnaDateText.swift */,
			);
			path = Helpers;
			sourceTree = "<group>";
		};
		70FBF1842803F8A400E293F7 /* Home */ = {
			isa = PBXGroup;
			children = (
				70FBF1862803F8BF00E293F7 /* Helpers */,
				70FBF1872803F8D700E293F7 /* SplashScreenView.swift */,
				70FBF18F2803F99700E293F7 /* HomeView.swift */,
				70FBF1912803F9B900E293F7 /* AlarmView.swift */,
				70FBF1A3280453D400E293F7 /* MyPangView.swift */,
			);
			path = Home;
			sourceTree = "<group>";
		};
		70FBF1862803F8BF00E293F7 /* Helpers */ = {
			isa = PBXGroup;
			children = (
				70FBF1992803FA2D00E293F7 /* Background.swift */,
				70FBF19B2803FA4400E293F7 /* BackgroundOpacity.swift */,
				7042DD7F28054EC70098E5F1 /* ColorPalette.swift */,
			);
			path = Helpers;
			sourceTree = "<group>";
		};
		C715AE0227FD612D004BA6BF = {
			isa = PBXGroup;
			children = (
				C715AE0D27FD612D004BA6BF /* ComeBackHome */,
				C715AE1E27FD612F004BA6BF /* ComeBackHomeTests */,
				C715AE2827FD612F004BA6BF /* ComeBackHomeUITests */,
				C715AE0C27FD612D004BA6BF /* Products */,
			);
			sourceTree = "<group>";
		};
		C715AE0C27FD612D004BA6BF /* Products */ = {
			isa = PBXGroup;
			children = (
				C715AE0B27FD612D004BA6BF /* ComeBackHome.app */,
				C715AE1B27FD612F004BA6BF /* ComeBackHomeTests.xctest */,
				C715AE2527FD612F004BA6BF /* ComeBackHomeUITests.xctest */,
			);
			name = Products;
			sourceTree = "<group>";
		};
		C715AE0D27FD612D004BA6BF /* ComeBackHome */ = {
			isa = PBXGroup;
			children = (
				C74F063827FDD70A00B03A4F /* Info.plist */,
				C715AE0E27FD612D004BA6BF /* ComeBackHomeApp.swift */,
				C715AE4C27FD669F004BA6BF /* Struct */,
				C715AE3E27FD6442004BA6BF /* View */,
				C715AE1227FD612F004BA6BF /* Assets.xcassets */,
				C715AE4327FD659B004BA6BF /* SubView */,
				C715AE1427FD612F004BA6BF /* Preview Content */,
			);
			path = ComeBackHome;
			sourceTree = "<group>";
		};
		C715AE1427FD612F004BA6BF /* Preview Content */ = {
			isa = PBXGroup;
			children = (
				C715AE1527FD612F004BA6BF /* Preview Assets.xcassets */,
			);
			path = "Preview Content";
			sourceTree = "<group>";
		};
		C715AE1E27FD612F004BA6BF /* ComeBackHomeTests */ = {
			isa = PBXGroup;
			children = (
				C715AE1F27FD612F004BA6BF /* ComeBackHomeTests.swift */,
			);
			path = ComeBackHomeTests;
			sourceTree = "<group>";
		};
		C715AE2827FD612F004BA6BF /* ComeBackHomeUITests */ = {
			isa = PBXGroup;
			children = (
				C715AE2927FD612F004BA6BF /* ComeBackHomeUITests.swift */,
				C715AE2B27FD612F004BA6BF /* ComeBackHomeUITestsLaunchTests.swift */,
			);
			path = ComeBackHomeUITests;
			sourceTree = "<group>";
		};
		C715AE3E27FD6442004BA6BF /* View */ = {
			isa = PBXGroup;
			children = (
				70FBF1842803F8A400E293F7 /* Home */,
				214E6FF82805114700BB75E4 /* FirstTimeUse */,
				2535DD2C28002E7E00A2D118 /* Qna */,
				21FF1F2A2800229E006EB909 /* MyRoom */,
				C715AE1027FD612D004BA6BF /* ContentView.swift */,
				C715AE3C27FD63DD004BA6BF /* TodaysMenuView.swift */,
				C715AE3827FD62D9004BA6BF /* DetailView.swift */,
				C715AE3A27FD632F004BA6BF /* CommentModalView.swift */,
				C74F063927FDDA5100B03A4F /* AddPostView.swift */,
			);
			path = View;
			sourceTree = "<group>";
		};
		C715AE4327FD659B004BA6BF /* SubView */ = {
			isa = PBXGroup;
			children = (
				2535DD4328002EB100A2D118 /* ConfirmButton.swift */,
				2535DD4228002EB100A2D118 /* ProfileImage.swift */,
				2535DD4428002EB100A2D118 /* QnaProfileView.swift */,
				2535DD4528002EB100A2D118 /* TextBlock.swift */,
				C715AE3F27FD6497004BA6BF /* ProfileView.swift */,
				C715AE4127FD656D004BA6BF /* CommentReactionView.swift */,
			);
			path = SubView;
			sourceTree = "<group>";
		};
		C715AE4C27FD669F004BA6BF /* Struct */ = {
			isa = PBXGroup;
			children = (
				2535DD4B28002ED000A2D118 /* AnswerWithProfile.swift */,
				2535DD4C28002ED000A2D118 /* Qna.swift */,
				2535DD4A28002ED000A2D118 /* Question.swift */,
				C715AE4A27FD660C004BA6BF /* Comment.swift */,
				C715AE4827FD65EB004BA6BF /* Menu.swift */,
				C715AE4627FD65E3004BA6BF /* Post.swift */,
				C715AE4427FD65D7004BA6BF /* User.swift */,
				C74F063627FDC80400B03A4F /* ImagePicker.swift */,
				214E6FFB280515F800BB75E4 /* ButtonContent.swift */,
				C74F066128049F7F00B03A4F /* AppState.swift */,
			);
			path = Struct;
			sourceTree = "<group>";
		};
/* End PBXGroup section */

/* Begin PBXNativeTarget section */
		C715AE0A27FD612D004BA6BF /* ComeBackHome */ = {
			isa = PBXNativeTarget;
			buildConfigurationList = C715AE2F27FD612F004BA6BF /* Build configuration list for PBXNativeTarget "ComeBackHome" */;
			buildPhases = (
				C715AE0727FD612D004BA6BF /* Sources */,
				C715AE0827FD612D004BA6BF /* Frameworks */,
				C715AE0927FD612D004BA6BF /* Resources */,
			);
			buildRules = (
			);
			dependencies = (
			);
			name = ComeBackHome;
			productName = ComeBackHome;
			productReference = C715AE0B27FD612D004BA6BF /* ComeBackHome.app */;
			productType = "com.apple.product-type.application";
		};
		C715AE1A27FD612F004BA6BF /* ComeBackHomeTests */ = {
			isa = PBXNativeTarget;
			buildConfigurationList = C715AE3227FD612F004BA6BF /* Build configuration list for PBXNativeTarget "ComeBackHomeTests" */;
			buildPhases = (
				C715AE1727FD612F004BA6BF /* Sources */,
				C715AE1827FD612F004BA6BF /* Frameworks */,
				C715AE1927FD612F004BA6BF /* Resources */,
			);
			buildRules = (
			);
			dependencies = (
				C715AE1D27FD612F004BA6BF /* PBXTargetDependency */,
			);
			name = ComeBackHomeTests;
			productName = ComeBackHomeTests;
			productReference = C715AE1B27FD612F004BA6BF /* ComeBackHomeTests.xctest */;
			productType = "com.apple.product-type.bundle.unit-test";
		};
		C715AE2427FD612F004BA6BF /* ComeBackHomeUITests */ = {
			isa = PBXNativeTarget;
			buildConfigurationList = C715AE3527FD612F004BA6BF /* Build configuration list for PBXNativeTarget "ComeBackHomeUITests" */;
			buildPhases = (
				C715AE2127FD612F004BA6BF /* Sources */,
				C715AE2227FD612F004BA6BF /* Frameworks */,
				C715AE2327FD612F004BA6BF /* Resources */,
			);
			buildRules = (
			);
			dependencies = (
				C715AE2727FD612F004BA6BF /* PBXTargetDependency */,
			);
			name = ComeBackHomeUITests;
			productName = ComeBackHomeUITests;
			productReference = C715AE2527FD612F004BA6BF /* ComeBackHomeUITests.xctest */;
			productType = "com.apple.product-type.bundle.ui-testing";
		};
/* End PBXNativeTarget section */

/* Begin PBXProject section */
		C715AE0327FD612D004BA6BF /* Project object */ = {
			isa = PBXProject;
			attributes = {
				BuildIndependentTargetsInParallel = 1;
				LastSwiftUpdateCheck = 1330;
				LastUpgradeCheck = 1330;
				TargetAttributes = {
					C715AE0A27FD612D004BA6BF = {
						CreatedOnToolsVersion = 13.3;
					};
					C715AE1A27FD612F004BA6BF = {
						CreatedOnToolsVersion = 13.3;
						TestTargetID = C715AE0A27FD612D004BA6BF;
					};
					C715AE2427FD612F004BA6BF = {
						CreatedOnToolsVersion = 13.3;
						TestTargetID = C715AE0A27FD612D004BA6BF;
					};
				};
			};
			buildConfigurationList = C715AE0627FD612D004BA6BF /* Build configuration list for PBXProject "ComeBackHome" */;
			compatibilityVersion = "Xcode 13.0";
			developmentRegion = en;
			hasScannedForEncodings = 0;
			knownRegions = (
				en,
				Base,
			);
			mainGroup = C715AE0227FD612D004BA6BF;
			productRefGroup = C715AE0C27FD612D004BA6BF /* Products */;
			projectDirPath = "";
			projectRoot = "";
			targets = (
				C715AE0A27FD612D004BA6BF /* ComeBackHome */,
				C715AE1A27FD612F004BA6BF /* ComeBackHomeTests */,
				C715AE2427FD612F004BA6BF /* ComeBackHomeUITests */,
			);
		};
/* End PBXProject section */

/* Begin PBXResourcesBuildPhase section */
		C715AE0927FD612D004BA6BF /* Resources */ = {
			isa = PBXResourcesBuildPhase;
			buildActionMask = 2147483647;
			files = (
				C715AE1627FD612F004BA6BF /* Preview Assets.xcassets in Resources */,
				C715AE1327FD612F004BA6BF /* Assets.xcassets in Resources */,
			);
			runOnlyForDeploymentPostprocessing = 0;
		};
		C715AE1927FD612F004BA6BF /* Resources */ = {
			isa = PBXResourcesBuildPhase;
			buildActionMask = 2147483647;
			files = (
			);
			runOnlyForDeploymentPostprocessing = 0;
		};
		C715AE2327FD612F004BA6BF /* Resources */ = {
			isa = PBXResourcesBuildPhase;
			buildActionMask = 2147483647;
			files = (
			);
			runOnlyForDeploymentPostprocessing = 0;
		};
/* End PBXResourcesBuildPhase section */

/* Begin PBXSourcesBuildPhase section */
		C715AE0727FD612D004BA6BF /* Sources */ = {
			isa = PBXSourcesBuildPhase;
			buildActionMask = 2147483647;
			files = (
				21FF1F392800229E006EB909 /* MyRoomButton.swift in Sources */,
				2535DD4D28002ED000A2D118 /* Question.swift in Sources */,
				C715AE3D27FD63DD004BA6BF /* TodaysMenuView.swift in Sources */,
				2535DD4928002EB100A2D118 /* TextBlock.swift in Sources */,
				21FF1F332800229E006EB909 /* MyRoomView.swift in Sources */,
				2535DD3928002E7E00A2D118 /* QnaListView.swift in Sources */,
				C74F063A27FDDA5100B03A4F /* AddPostView.swift in Sources */,
				70FBF1922803F9B900E293F7 /* AlarmView.swift in Sources */,
				2535DD4028002E7E00A2D118 /* QnaTextBox.swift in Sources */,
				2535DD3F28002E7E00A2D118 /* QnaQuestionRow.swift in Sources */,
				70FBF19A2803FA2D00E293F7 /* Background.swift in Sources */,
				C715AE3B27FD632F004BA6BF /* CommentModalView.swift in Sources */,
				21FF1F342800229E006EB909 /* AddFamilyView.swift in Sources */,
				C74F066228049F7F00B03A4F /* AppState.swift in Sources */,
				C715AE1127FD612D004BA6BF /* ContentView.swift in Sources */,
				70FBF1882803F8D700E293F7 /* SplashScreenView.swift in Sources */,
				C715AE3927FD62D9004BA6BF /* DetailView.swift in Sources */,
				2535DD3C28002E7E00A2D118 /* QnaTodaysQuestionView.swift in Sources */,
				C715AE4927FD65EB004BA6BF /* Menu.swift in Sources */,
				214E6FFC280515F800BB75E4 /* ButtonContent.swift in Sources */,
				21FF1F372800229E006EB909 /* InfoRow.swift in Sources */,
				2535DD4128002E7E00A2D118 /* QnaDateText.swift in Sources */,
				7042DD8028054EC70098E5F1 /* ColorPalette.swift in Sources */,
				C715AE4527FD65D7004BA6BF /* User.swift in Sources */,
				C715AE4027FD6497004BA6BF /* ProfileView.swift in Sources */,
				C715AE4727FD65E4004BA6BF /* Post.swift in Sources */,
				2535DD4E28002ED000A2D118 /* AnswerWithProfile.swift in Sources */,
				2535DD4628002EB100A2D118 /* ProfileImage.swift in Sources */,
				C715AE4227FD656D004BA6BF /* CommentReactionView.swift in Sources */,
				C74F063727FDC80400B03A4F /* ImagePicker.swift in Sources */,
				2535DD4728002EB100A2D118 /* ConfirmButton.swift in Sources */,
				2535DD4828002EB100A2D118 /* QnaProfileView.swift in Sources */,
				2535DD4F28002ED000A2D118 /* Qna.swift in Sources */,
				70FBF19C2803FA4400E293F7 /* BackgroundOpacity.swift in Sources */,
				2535DD3E28002E7E00A2D118 /* QnaTextEditorBox.swift in Sources */,
				21FF1F352800229E006EB909 /* AccountSettingsView.swift in Sources */,
				70FBF1902803F99700E293F7 /* HomeView.swift in Sources */,
				2535DD3B28002E7E00A2D118 /* QnaAnswerView.swift in Sources */,
				2535DD3D28002E7E00A2D118 /* QnaAnswerWithProfileView.swift in Sources */,
				2535DD3828002E7E00A2D118 /* QnaFamilyView.swift in Sources */,
				21FF1F362800229E006EB909 /* AppSettingsView.swift in Sources */,
				70FBF1A4280453D400E293F7 /* MyPangView.swift in Sources */,
				C715AE4B27FD660C004BA6BF /* Comment.swift in Sources */,
				2535DD3A28002E7E00A2D118 /* QnaPersonalTodaysQuestionView.swift in Sources */,
				21FF1F382800229E006EB909 /* FamilyMember.swift in Sources */,
				C715AE0F27FD612D004BA6BF /* ComeBackHomeApp.swift in Sources */,
			);
			runOnlyForDeploymentPostprocessing = 0;
		};
		C715AE1727FD612F004BA6BF /* Sources */ = {
			isa = PBXSourcesBuildPhase;
			buildActionMask = 2147483647;
			files = (
				C715AE2027FD612F004BA6BF /* ComeBackHomeTests.swift in Sources */,
			);
			runOnlyForDeploymentPostprocessing = 0;
		};
		C715AE2127FD612F004BA6BF /* Sources */ = {
			isa = PBXSourcesBuildPhase;
			buildActionMask = 2147483647;
			files = (
				C715AE2C27FD612F004BA6BF /* ComeBackHomeUITestsLaunchTests.swift in Sources */,
				C715AE2A27FD612F004BA6BF /* ComeBackHomeUITests.swift in Sources */,
			);
			runOnlyForDeploymentPostprocessing = 0;
		};
/* End PBXSourcesBuildPhase section */

/* Begin PBXTargetDependency section */
		C715AE1D27FD612F004BA6BF /* PBXTargetDependency */ = {
			isa = PBXTargetDependency;
			target = C715AE0A27FD612D004BA6BF /* ComeBackHome */;
			targetProxy = C715AE1C27FD612F004BA6BF /* PBXContainerItemProxy */;
		};
		C715AE2727FD612F004BA6BF /* PBXTargetDependency */ = {
			isa = PBXTargetDependency;
			target = C715AE0A27FD612D004BA6BF /* ComeBackHome */;
			targetProxy = C715AE2627FD612F004BA6BF /* PBXContainerItemProxy */;
		};
/* End PBXTargetDependency section */

/* Begin XCBuildConfiguration section */
		C715AE2D27FD612F004BA6BF /* Debug */ = {
			isa = XCBuildConfiguration;
			buildSettings = {
				ALWAYS_SEARCH_USER_PATHS = NO;
				CLANG_ANALYZER_NONNULL = YES;
				CLANG_ANALYZER_NUMBER_OBJECT_CONVERSION = YES_AGGRESSIVE;
				CLANG_CXX_LANGUAGE_STANDARD = "gnu++17";
				CLANG_ENABLE_MODULES = YES;
				CLANG_ENABLE_OBJC_ARC = YES;
				CLANG_ENABLE_OBJC_WEAK = YES;
				CLANG_WARN_BLOCK_CAPTURE_AUTORELEASING = YES;
				CLANG_WARN_BOOL_CONVERSION = YES;
				CLANG_WARN_COMMA = YES;
				CLANG_WARN_CONSTANT_CONVERSION = YES;
				CLANG_WARN_DEPRECATED_OBJC_IMPLEMENTATIONS = YES;
				CLANG_WARN_DIRECT_OBJC_ISA_USAGE = YES_ERROR;
				CLANG_WARN_DOCUMENTATION_COMMENTS = YES;
				CLANG_WARN_EMPTY_BODY = YES;
				CLANG_WARN_ENUM_CONVERSION = YES;
				CLANG_WARN_INFINITE_RECURSION = YES;
				CLANG_WARN_INT_CONVERSION = YES;
				CLANG_WARN_NON_LITERAL_NULL_CONVERSION = YES;
				CLANG_WARN_OBJC_IMPLICIT_RETAIN_SELF = YES;
				CLANG_WARN_OBJC_LITERAL_CONVERSION = YES;
				CLANG_WARN_OBJC_ROOT_CLASS = YES_ERROR;
				CLANG_WARN_QUOTED_INCLUDE_IN_FRAMEWORK_HEADER = YES;
				CLANG_WARN_RANGE_LOOP_ANALYSIS = YES;
				CLANG_WARN_STRICT_PROTOTYPES = YES;
				CLANG_WARN_SUSPICIOUS_MOVE = YES;
				CLANG_WARN_UNGUARDED_AVAILABILITY = YES_AGGRESSIVE;
				CLANG_WARN_UNREACHABLE_CODE = YES;
				CLANG_WARN__DUPLICATE_METHOD_MATCH = YES;
				COPY_PHASE_STRIP = NO;
				DEBUG_INFORMATION_FORMAT = dwarf;
				ENABLE_STRICT_OBJC_MSGSEND = YES;
				ENABLE_TESTABILITY = YES;
				GCC_C_LANGUAGE_STANDARD = gnu11;
				GCC_DYNAMIC_NO_PIC = NO;
				GCC_NO_COMMON_BLOCKS = YES;
				GCC_OPTIMIZATION_LEVEL = 0;
				GCC_PREPROCESSOR_DEFINITIONS = (
					"DEBUG=1",
					"$(inherited)",
				);
				GCC_WARN_64_TO_32_BIT_CONVERSION = YES;
				GCC_WARN_ABOUT_RETURN_TYPE = YES_ERROR;
				GCC_WARN_UNDECLARED_SELECTOR = YES;
				GCC_WARN_UNINITIALIZED_AUTOS = YES_AGGRESSIVE;
				GCC_WARN_UNUSED_FUNCTION = YES;
				GCC_WARN_UNUSED_VARIABLE = YES;
				IPHONEOS_DEPLOYMENT_TARGET = 15.4;
				MTL_ENABLE_DEBUG_INFO = INCLUDE_SOURCE;
				MTL_FAST_MATH = YES;
				ONLY_ACTIVE_ARCH = YES;
				SDKROOT = iphoneos;
				SWIFT_ACTIVE_COMPILATION_CONDITIONS = DEBUG;
				SWIFT_OPTIMIZATION_LEVEL = "-Onone";
			};
			name = Debug;
		};
		C715AE2E27FD612F004BA6BF /* Release */ = {
			isa = XCBuildConfiguration;
			buildSettings = {
				ALWAYS_SEARCH_USER_PATHS = NO;
				CLANG_ANALYZER_NONNULL = YES;
				CLANG_ANALYZER_NUMBER_OBJECT_CONVERSION = YES_AGGRESSIVE;
				CLANG_CXX_LANGUAGE_STANDARD = "gnu++17";
				CLANG_ENABLE_MODULES = YES;
				CLANG_ENABLE_OBJC_ARC = YES;
				CLANG_ENABLE_OBJC_WEAK = YES;
				CLANG_WARN_BLOCK_CAPTURE_AUTORELEASING = YES;
				CLANG_WARN_BOOL_CONVERSION = YES;
				CLANG_WARN_COMMA = YES;
				CLANG_WARN_CONSTANT_CONVERSION = YES;
				CLANG_WARN_DEPRECATED_OBJC_IMPLEMENTATIONS = YES;
				CLANG_WARN_DIRECT_OBJC_ISA_USAGE = YES_ERROR;
				CLANG_WARN_DOCUMENTATION_COMMENTS = YES;
				CLANG_WARN_EMPTY_BODY = YES;
				CLANG_WARN_ENUM_CONVERSION = YES;
				CLANG_WARN_INFINITE_RECURSION = YES;
				CLANG_WARN_INT_CONVERSION = YES;
				CLANG_WARN_NON_LITERAL_NULL_CONVERSION = YES;
				CLANG_WARN_OBJC_IMPLICIT_RETAIN_SELF = YES;
				CLANG_WARN_OBJC_LITERAL_CONVERSION = YES;
				CLANG_WARN_OBJC_ROOT_CLASS = YES_ERROR;
				CLANG_WARN_QUOTED_INCLUDE_IN_FRAMEWORK_HEADER = YES;
				CLANG_WARN_RANGE_LOOP_ANALYSIS = YES;
				CLANG_WARN_STRICT_PROTOTYPES = YES;
				CLANG_WARN_SUSPICIOUS_MOVE = YES;
				CLANG_WARN_UNGUARDED_AVAILABILITY = YES_AGGRESSIVE;
				CLANG_WARN_UNREACHABLE_CODE = YES;
				CLANG_WARN__DUPLICATE_METHOD_MATCH = YES;
				COPY_PHASE_STRIP = NO;
				DEBUG_INFORMATION_FORMAT = "dwarf-with-dsym";
				ENABLE_NS_ASSERTIONS = NO;
				ENABLE_STRICT_OBJC_MSGSEND = YES;
				GCC_C_LANGUAGE_STANDARD = gnu11;
				GCC_NO_COMMON_BLOCKS = YES;
				GCC_WARN_64_TO_32_BIT_CONVERSION = YES;
				GCC_WARN_ABOUT_RETURN_TYPE = YES_ERROR;
				GCC_WARN_UNDECLARED_SELECTOR = YES;
				GCC_WARN_UNINITIALIZED_AUTOS = YES_AGGRESSIVE;
				GCC_WARN_UNUSED_FUNCTION = YES;
				GCC_WARN_UNUSED_VARIABLE = YES;
				IPHONEOS_DEPLOYMENT_TARGET = 15.4;
				MTL_ENABLE_DEBUG_INFO = NO;
				MTL_FAST_MATH = YES;
				SDKROOT = iphoneos;
				SWIFT_COMPILATION_MODE = wholemodule;
				SWIFT_OPTIMIZATION_LEVEL = "-O";
				VALIDATE_PRODUCT = YES;
			};
			name = Release;
		};
		C715AE3027FD612F004BA6BF /* Debug */ = {
			isa = XCBuildConfiguration;
			buildSettings = {
				ASSETCATALOG_COMPILER_APPICON_NAME = AppIcon;
				ASSETCATALOG_COMPILER_GLOBAL_ACCENT_COLOR_NAME = AccentColor;
				CODE_SIGN_STYLE = Automatic;
				CURRENT_PROJECT_VERSION = 1;
				DEVELOPMENT_ASSET_PATHS = "\"ComeBackHome/Preview Content\"";
				DEVELOPMENT_TEAM = HY8Y957QK3;
				ENABLE_PREVIEWS = YES;
				GENERATE_INFOPLIST_FILE = YES;
				INFOPLIST_FILE = ComeBackHome/Info.plist;
				INFOPLIST_KEY_NSCameraUsageDescription = "";
				INFOPLIST_KEY_NSPhotoLibraryAddUsageDescription = "";
				INFOPLIST_KEY_NSPhotoLibraryUsageDescription = "";
				INFOPLIST_KEY_UIApplicationSceneManifest_Generation = YES;
				INFOPLIST_KEY_UIApplicationSupportsIndirectInputEvents = YES;
				INFOPLIST_KEY_UILaunchScreen_Generation = YES;
				INFOPLIST_KEY_UISupportedInterfaceOrientations_iPad = "UIInterfaceOrientationPortrait UIInterfaceOrientationPortraitUpsideDown UIInterfaceOrientationLandscapeLeft UIInterfaceOrientationLandscapeRight";
				INFOPLIST_KEY_UISupportedInterfaceOrientations_iPhone = "UIInterfaceOrientationPortrait UIInterfaceOrientationLandscapeLeft UIInterfaceOrientationLandscapeRight";
				LD_RUNPATH_SEARCH_PATHS = (
					"$(inherited)",
					"@executable_path/Frameworks",
				);
				MARKETING_VERSION = 1.0;
				PRODUCT_BUNDLE_IDENTIFIER = com.blacksoup.ComeBackHome;
				PRODUCT_NAME = "$(TARGET_NAME)";
				SWIFT_EMIT_LOC_STRINGS = YES;
				SWIFT_VERSION = 5.0;
				TARGETED_DEVICE_FAMILY = "1,2";
			};
			name = Debug;
		};
		C715AE3127FD612F004BA6BF /* Release */ = {
			isa = XCBuildConfiguration;
			buildSettings = {
				ASSETCATALOG_COMPILER_APPICON_NAME = AppIcon;
				ASSETCATALOG_COMPILER_GLOBAL_ACCENT_COLOR_NAME = AccentColor;
				CODE_SIGN_STYLE = Automatic;
				CURRENT_PROJECT_VERSION = 1;
				DEVELOPMENT_ASSET_PATHS = "\"ComeBackHome/Preview Content\"";
				DEVELOPMENT_TEAM = HY8Y957QK3;
				ENABLE_PREVIEWS = YES;
				GENERATE_INFOPLIST_FILE = YES;
				INFOPLIST_FILE = ComeBackHome/Info.plist;
				INFOPLIST_KEY_NSCameraUsageDescription = "";
				INFOPLIST_KEY_NSPhotoLibraryAddUsageDescription = "";
				INFOPLIST_KEY_NSPhotoLibraryUsageDescription = "";
				INFOPLIST_KEY_UIApplicationSceneManifest_Generation = YES;
				INFOPLIST_KEY_UIApplicationSupportsIndirectInputEvents = YES;
				INFOPLIST_KEY_UILaunchScreen_Generation = YES;
				INFOPLIST_KEY_UISupportedInterfaceOrientations_iPad = "UIInterfaceOrientationPortrait UIInterfaceOrientationPortraitUpsideDown UIInterfaceOrientationLandscapeLeft UIInterfaceOrientationLandscapeRight";
				INFOPLIST_KEY_UISupportedInterfaceOrientations_iPhone = "UIInterfaceOrientationPortrait UIInterfaceOrientationLandscapeLeft UIInterfaceOrientationLandscapeRight";
				LD_RUNPATH_SEARCH_PATHS = (
					"$(inherited)",
					"@executable_path/Frameworks",
				);
				MARKETING_VERSION = 1.0;
				PRODUCT_BUNDLE_IDENTIFIER = com.blacksoup.ComeBackHome;
				PRODUCT_NAME = "$(TARGET_NAME)";
				SWIFT_EMIT_LOC_STRINGS = YES;
				SWIFT_VERSION = 5.0;
				TARGETED_DEVICE_FAMILY = "1,2";
			};
			name = Release;
		};
		C715AE3327FD612F004BA6BF /* Debug */ = {
			isa = XCBuildConfiguration;
			buildSettings = {
				ALWAYS_EMBED_SWIFT_STANDARD_LIBRARIES = YES;
				BUNDLE_LOADER = "$(TEST_HOST)";
				CODE_SIGN_STYLE = Automatic;
				CURRENT_PROJECT_VERSION = 1;
				DEVELOPMENT_TEAM = HY8Y957QK3;
				GENERATE_INFOPLIST_FILE = YES;
				IPHONEOS_DEPLOYMENT_TARGET = 15.4;
				MARKETING_VERSION = 1.0;
				PRODUCT_BUNDLE_IDENTIFIER = com.blacksoup.ComeBackHomeTests;
				PRODUCT_NAME = "$(TARGET_NAME)";
				SWIFT_EMIT_LOC_STRINGS = NO;
				SWIFT_VERSION = 5.0;
				TARGETED_DEVICE_FAMILY = "1,2";
				TEST_HOST = "$(BUILT_PRODUCTS_DIR)/ComeBackHome.app/ComeBackHome";
			};
			name = Debug;
		};
		C715AE3427FD612F004BA6BF /* Release */ = {
			isa = XCBuildConfiguration;
			buildSettings = {
				ALWAYS_EMBED_SWIFT_STANDARD_LIBRARIES = YES;
				BUNDLE_LOADER = "$(TEST_HOST)";
				CODE_SIGN_STYLE = Automatic;
				CURRENT_PROJECT_VERSION = 1;
				DEVELOPMENT_TEAM = HY8Y957QK3;
				GENERATE_INFOPLIST_FILE = YES;
				IPHONEOS_DEPLOYMENT_TARGET = 15.4;
				MARKETING_VERSION = 1.0;
				PRODUCT_BUNDLE_IDENTIFIER = com.blacksoup.ComeBackHomeTests;
				PRODUCT_NAME = "$(TARGET_NAME)";
				SWIFT_EMIT_LOC_STRINGS = NO;
				SWIFT_VERSION = 5.0;
				TARGETED_DEVICE_FAMILY = "1,2";
				TEST_HOST = "$(BUILT_PRODUCTS_DIR)/ComeBackHome.app/ComeBackHome";
			};
			name = Release;
		};
		C715AE3627FD612F004BA6BF /* Debug */ = {
			isa = XCBuildConfiguration;
			buildSettings = {
				ALWAYS_EMBED_SWIFT_STANDARD_LIBRARIES = YES;
				CODE_SIGN_STYLE = Automatic;
				CURRENT_PROJECT_VERSION = 1;
				DEVELOPMENT_TEAM = HY8Y957QK3;
				GENERATE_INFOPLIST_FILE = YES;
				MARKETING_VERSION = 1.0;
				PRODUCT_BUNDLE_IDENTIFIER = com.blacksoup.ComeBackHomeUITests;
				PRODUCT_NAME = "$(TARGET_NAME)";
				SWIFT_EMIT_LOC_STRINGS = NO;
				SWIFT_VERSION = 5.0;
				TARGETED_DEVICE_FAMILY = "1,2";
				TEST_TARGET_NAME = ComeBackHome;
			};
			name = Debug;
		};
		C715AE3727FD612F004BA6BF /* Release */ = {
			isa = XCBuildConfiguration;
			buildSettings = {
				ALWAYS_EMBED_SWIFT_STANDARD_LIBRARIES = YES;
				CODE_SIGN_STYLE = Automatic;
				CURRENT_PROJECT_VERSION = 1;
				DEVELOPMENT_TEAM = HY8Y957QK3;
				GENERATE_INFOPLIST_FILE = YES;
				MARKETING_VERSION = 1.0;
				PRODUCT_BUNDLE_IDENTIFIER = com.blacksoup.ComeBackHomeUITests;
				PRODUCT_NAME = "$(TARGET_NAME)";
				SWIFT_EMIT_LOC_STRINGS = NO;
				SWIFT_VERSION = 5.0;
				TARGETED_DEVICE_FAMILY = "1,2";
				TEST_TARGET_NAME = ComeBackHome;
			};
			name = Release;
		};
/* End XCBuildConfiguration section */

/* Begin XCConfigurationList section */
		C715AE0627FD612D004BA6BF /* Build configuration list for PBXProject "ComeBackHome" */ = {
			isa = XCConfigurationList;
			buildConfigurations = (
				C715AE2D27FD612F004BA6BF /* Debug */,
				C715AE2E27FD612F004BA6BF /* Release */,
			);
			defaultConfigurationIsVisible = 0;
			defaultConfigurationName = Release;
		};
		C715AE2F27FD612F004BA6BF /* Build configuration list for PBXNativeTarget "ComeBackHome" */ = {
			isa = XCConfigurationList;
			buildConfigurations = (
				C715AE3027FD612F004BA6BF /* Debug */,
				C715AE3127FD612F004BA6BF /* Release */,
			);
			defaultConfigurationIsVisible = 0;
			defaultConfigurationName = Release;
		};
		C715AE3227FD612F004BA6BF /* Build configuration list for PBXNativeTarget "ComeBackHomeTests" */ = {
			isa = XCConfigurationList;
			buildConfigurations = (
				C715AE3327FD612F004BA6BF /* Debug */,
				C715AE3427FD612F004BA6BF /* Release */,
			);
			defaultConfigurationIsVisible = 0;
			defaultConfigurationName = Release;
		};
		C715AE3527FD612F004BA6BF /* Build configuration list for PBXNativeTarget "ComeBackHomeUITests" */ = {
			isa = XCConfigurationList;
			buildConfigurations = (
				C715AE3627FD612F004BA6BF /* Debug */,
				C715AE3727FD612F004BA6BF /* Release */,
			);
			defaultConfigurationIsVisible = 0;
			defaultConfigurationName = Release;
		};
/* End XCConfigurationList section */
	};
	rootObject = C715AE0327FD612D004BA6BF /* Project object */;
}
